
Microsoft Visual Studio Solution File, Format Version 12.00
# Visual Studio 15
VisualStudioVersion = 15.0.26730.8
MinimumVisualStudioVersion = 10.0.40219.1
Project("{9A19103F-16F7-4668-BE54-9A1E7A4F7556}") = "FastProxy", "FastProxy\FastProxy.csproj", "{06C8D146-E31F-4D75-ABE9-D700006051C3}"
EndProject
Project("{9A19103F-16F7-4668-BE54-9A1E7A4F7556}") = "FastProxy.Test", "FastProxy.Test\FastProxy.Test.csproj", "{AF7AF278-C61B-4FDD-A391-62C3D41F8661}"
EndProject
Global
	GlobalSection(SolutionConfigurationPlatforms) = preSolution
		Debug|Any CPU = Debug|Any CPU
		Release|Any CPU = Release|Any CPU
	EndGlobalSection
	GlobalSection(ProjectConfigurationPlatforms) = postSolution
		{06C8D146-E31F-4D75-ABE9-D700006051C3}.Debug|Any CPU.ActiveCfg = Debug|Any CPU
		{06C8D146-E31F-4D75-ABE9-D700006051C3}.Debug|Any CPU.Build.0 = Debug|Any CPU
		{06C8D146-E31F-4D75-ABE9-D700006051C3}.Release|Any CPU.ActiveCfg = Release|Any CPU
		{06C8D146-E31F-4D75-ABE9-D700006051C3}.Release|Any CPU.Build.0 = Release|Any CPU
		{AF7AF278-C61B-4FDD-A391-62C3D41F8661}.Debug|Any CPU.ActiveCfg = Debug|Any CPU
		{AF7AF278-C61B-4FDD-A391-62C3D41F8661}.Debug|Any CPU.Build.0 = Debug|Any CPU
		{AF7AF278-C61B-4FDD-A391-62C3D41F8661}.Release|Any CPU.ActiveCfg = Release|Any CPU
		{AF7AF278-C61B-4FDD-A391-62C3D41F8661}.Release|Any CPU.Build.0 = Release|Any CPU
	EndGlobalSection
	GlobalSection(SolutionProperties) = preSolution
		HideSolutionNode = FALSE
	EndGlobalSection
	GlobalSection(ExtensibilityGlobals) = postSolution
		SolutionGuid = {0EDBD6EB-184C-4E0C-AC6F-016CA2DF08EB}
	EndGlobalSection
EndGlobal
