
Microsoft Visual Studio Solution File, Format Version 12.00
# Visual Studio 15
VisualStudioVersion = 15.0.26403.7
MinimumVisualStudioVersion = 10.0.40219.1
Project("{FAE04EC0-301F-11D3-BF4B-00C04F79EFBC}") = "FastProxy", "FastProxy\FastProxy.csproj", "{06C8D146-E31F-4D75-ABE9-D700006051C3}"
EndProject
Project("{FAE04EC0-301F-11D3-BF4B-00C04F79EFBC}") = "FastProxy.Test", "FastProxy.Test\FastProxy.Test.csproj", "{AF7AF278-C61B-4FDD-A391-62C3D41F8661}"
EndProject
Project("{FAE04EC0-301F-11D3-BF4B-00C04F79EFBC}") = "FastProxy.NetClassic", "FastProxy.NetClassic\FastProxy.NetClassic.csproj", "{ED2BE024-1DEB-450B-BE56-442056460B61}"
EndProject
Project("{FAE04EC0-301F-11D3-BF4B-00C04F79EFBC}") = "FastProxy.NetClassic.Test", "FastProxy.NetClassic.Test\FastProxy.NetClassic.Test.csproj", "{29D8A0E0-2B2A-4E1E-9408-DE216E6FB93D}"
EndProject
Global
	GlobalSection(SolutionConfigurationPlatforms) = preSolution
		Debug|Any CPU = Debug|Any CPU
		Release|Any CPU = Release|Any CPU
	EndGlobalSection
	GlobalSection(ProjectConfigurationPlatforms) = postSolution
		{06C8D146-E31F-4D75-ABE9-D700006051C3}.Debug|Any CPU.ActiveCfg = Debug|Any CPU
		{06C8D146-E31F-4D75-ABE9-D700006051C3}.Debug|Any CPU.Build.0 = Debug|Any CPU
		{06C8D146-E31F-4D75-ABE9-D700006051C3}.Release|Any CPU.ActiveCfg = Release|Any CPU
		{06C8D146-E31F-4D75-ABE9-D700006051C3}.Release|Any CPU.Build.0 = Release|Any CPU
		{AF7AF278-C61B-4FDD-A391-62C3D41F8661}.Debug|Any CPU.ActiveCfg = Debug|Any CPU
		{AF7AF278-C61B-4FDD-A391-62C3D41F8661}.Debug|Any CPU.Build.0 = Debug|Any CPU
		{AF7AF278-C61B-4FDD-A391-62C3D41F8661}.Release|Any CPU.ActiveCfg = Release|Any CPU
		{AF7AF278-C61B-4FDD-A391-62C3D41F8661}.Release|Any CPU.Build.0 = Release|Any CPU
		{ED2BE024-1DEB-450B-BE56-442056460B61}.Debug|Any CPU.ActiveCfg = Debug|Any CPU
		{ED2BE024-1DEB-450B-BE56-442056460B61}.Debug|Any CPU.Build.0 = Debug|Any CPU
		{ED2BE024-1DEB-450B-BE56-442056460B61}.Release|Any CPU.ActiveCfg = Release|Any CPU
		{ED2BE024-1DEB-450B-BE56-442056460B61}.Release|Any CPU.Build.0 = Release|Any CPU
		{29D8A0E0-2B2A-4E1E-9408-DE216E6FB93D}.Debug|Any CPU.ActiveCfg = Debug|Any CPU
		{29D8A0E0-2B2A-4E1E-9408-DE216E6FB93D}.Debug|Any CPU.Build.0 = Debug|Any CPU
		{29D8A0E0-2B2A-4E1E-9408-DE216E6FB93D}.Release|Any CPU.ActiveCfg = Release|Any CPU
		{29D8A0E0-2B2A-4E1E-9408-DE216E6FB93D}.Release|Any CPU.Build.0 = Release|Any CPU
	EndGlobalSection
	GlobalSection(SolutionProperties) = preSolution
		HideSolutionNode = FALSE
	EndGlobalSection
EndGlobal
